// !$*UTF8*$!
{
	archiveVersion = 1;
	classes = {
	};
	objectVersion = 46;
	objects = {

/* Begin PBXBuildFile section */
		84D832A41E06AC7E00BED95A /* AppDelegate.swift in Sources */ = {isa = PBXBuildFile; fileRef = 84D832A31E06AC7E00BED95A /* AppDelegate.swift */; };
		84D832A61E06AC7E00BED95A /* ViewController.swift in Sources */ = {isa = PBXBuildFile; fileRef = 84D832A51E06AC7E00BED95A /* ViewController.swift */; };
		84D832A91E06AC7E00BED95A /* Main.storyboard in Resources */ = {isa = PBXBuildFile; fileRef = 84D832A71E06AC7E00BED95A /* Main.storyboard */; };
		84D832AB1E06AC7E00BED95A /* Assets.xcassets in Resources */ = {isa = PBXBuildFile; fileRef = 84D832AA1E06AC7E00BED95A /* Assets.xcassets */; };
		84D832AE1E06AC7E00BED95A /* LaunchScreen.storyboard in Resources */ = {isa = PBXBuildFile; fileRef = 84D832AC1E06AC7E00BED95A /* LaunchScreen.storyboard */; };
/* End PBXBuildFile section */

/* Begin PBXFileReference section */
		84D832A01E06AC7E00BED95A /* Moolapickapp.app */ = {isa = PBXFileReference; explicitFileType = wrapper.application; includeInIndex = 0; path = Moolapickapp.app; sourceTree = BUILT_PRODUCTS_DIR; };
		84D832A31E06AC7E00BED95A /* AppDelegate.swift */ = {isa = PBXFileReference; lastKnownFileType = sourcecode.swift; path = AppDelegate.swift; sourceTree = "<group>"; };
		84D832A51E06AC7E00BED95A /* ViewController.swift */ = {isa = PBXFileReference; lastKnownFileType = sourcecode.swift; path = ViewController.swift; sourceTree = "<group>"; };
		84D832A81E06AC7E00BED95A /* Base */ = {isa = PBXFileReference; lastKnownFileType = file.storyboard; name = Base; path = Base.lproj/Main.storyboard; sourceTree = "<group>"; };
		84D832AA1E06AC7E00BED95A /* Assets.xcassets */ = {isa = PBXFileReference; lastKnownFileType = folder.assetcatalog; path = Assets.xcassets; sourceTree = "<group>"; };
		84D832AD1E06AC7E00BED95A /* Base */ = {isa = PBXFileReference; lastKnownFileType = file.storyboard; name = Base; path = Base.lproj/LaunchScreen.storyboard; sourceTree = "<group>"; };
		84D832AF1E06AC7E00BED95A /* Info.plist */ = {isa = PBXFileReference; lastKnownFileType = text.plist.xml; path = Info.plist; sourceTree = "<group>"; };
/* End PBXFileReference section */

/* Begin PBXFrameworksBuildPhase section */
		84D8329D1E06AC7E00BED95A /* Frameworks */ = {
			isa = PBXFrameworksBuildPhase;
			buildActionMask = 2147483647;
			files = (
			);
			runOnlyForDeploymentPostprocessing = 0;
		};
/* End PBXFrameworksBuildPhase section */

/* Begin PBXGroup section */
		84D832971E06AC7E00BED95A = {
			isa = PBXGroup;
			children = (
				84D832A21E06AC7E00BED95A /* Moolapickapp */,
				84D832A11E06AC7E00BED95A /* Products */,
			);
			sourceTree = "<group>";
		};
		84D832A11E06AC7E00BED95A /* Products */ = {
			isa = PBXGroup;
			children = (
				84D832A01E06AC7E00BED95A /* Moolapickapp.app */,
			);
			name = Products;
			sourceTree = "<group>";
		};
		84D832A21E06AC7E00BED95A /* Moolapickapp */ = {
			isa = PBXGroup;
			children = (
				84D832A31E06AC7E00BED95A /* AppDelegate.swift */,
				84D832A51E06AC7E00BED95A /* ViewController.swift */,
				84D832A71E06AC7E00BED95A /* Main.storyboard */,
				84D832AA1E06AC7E00BED95A /* Assets.xcassets */,
				84D832AC1E06AC7E00BED95A /* LaunchScreen.storyboard */,
				84D832AF1E06AC7E00BED95A /* Info.plist */,
			);
			path = Moolapickapp;
			sourceTree = "<group>";
		};
/* End PBXGroup section */

/* Begin PBXNativeTarget section */
		84D8329F1E06AC7E00BED95A /* Moolapickapp */ = {
			isa = PBXNativeTarget;
			buildConfigurationList = 84D832B21E06AC7E00BED95A /* Build configuration list for PBXNativeTarget "Moolapickapp" */;
			buildPhases = (
				84D8329C1E06AC7E00BED95A /* Sources */,
				84D8329D1E06AC7E00BED95A /* Frameworks */,
				84D8329E1E06AC7E00BED95A /* Resources */,
			);
			buildRules = (
			);
			dependencies = (
			);
			name = Moolapickapp;
			productName = Moolapickapp;
			productReference = 84D832A01E06AC7E00BED95A /* Moolapickapp.app */;
			productType = "com.apple.product-type.application";
		};
/* End PBXNativeTarget section */

/* Begin PBXProject section */
		84D832981E06AC7E00BED95A /* Project object */ = {
			isa = PBXProject;
			attributes = {
				LastSwiftUpdateCheck = 0820;
				LastUpgradeCheck = 0820;
				ORGANIZATIONNAME = "Apple Macintosh";
				TargetAttributes = {
					84D8329F1E06AC7E00BED95A = {
						CreatedOnToolsVersion = 8.2;
						DevelopmentTeam = CL2GSQ2D6S;
						ProvisioningStyle = Automatic;
					};
				};
			};
			buildConfigurationList = 84D8329B1E06AC7E00BED95A /* Build configuration list for PBXProject "Moolapickapp" */;
			compatibilityVersion = "Xcode 3.2";
			developmentRegion = English;
			hasScannedForEncodings = 0;
			knownRegions = (
				en,
				Base,
			);
			mainGroup = 84D832971E06AC7E00BED95A;
			productRefGroup = 84D832A11E06AC7E00BED95A /* Products */;
			projectDirPath = "";
			projectRoot = "";
			targets = (
				84D8329F1E06AC7E00BED95A /* Moolapickapp */,
			);
		};
/* End PBXProject section */

/* Begin PBXResourcesBuildPhase section */
		84D8329E1E06AC7E00BED95A /* Resources */ = {
			isa = PBXResourcesBuildPhase;
			buildActionMask = 2147483647;
			files = (
				84D832AE1E06AC7E00BED95A /* LaunchScreen.storyboard in Resources */,
				84D832AB1E06AC7E00BED95A /* Assets.xcassets in Resources */,
				84D832A91E06AC7E00BED95A /* Main.storyboard in Resources */,
			);
			runOnlyForDeploymentPostprocessing = 0;
		};
/* End PBXResourcesBuildPhase section */

/* Begin PBXSourcesBuildPhase section */
		84D8329C1E06AC7E00BED95A /* Sources */ = {
			isa = PBXSourcesBuildPhase;
			buildActionMask = 2147483647;
			files = (
				84D832A61E06AC7E00BED95A /* ViewController.swift in Sources */,
				84D832A41E06AC7E00BED95A /* AppDelegate.swift in Sources */,
			);
			runOnlyForDeploymentPostprocessing = 0;
		};
/* End PBXSourcesBuildPhase section */

/* Begin PBXVariantGroup section */
		84D832A71E06AC7E00BED95A /* Main.storyboard */ = {
			isa = PBXVariantGroup;
			children = (
				84D832A81E06AC7E00BED95A /* Base */,
			);
			name = Main.storyboard;
			sourceTree = "<group>";
		};
		84D832AC1E06AC7E00BED95A /* LaunchScreen.storyboard */ = {
			isa = PBXVariantGroup;
			children = (
				84D832AD1E06AC7E00BED95A /* Base */,
			);
			name = LaunchScreen.storyboard;
			sourceTree = "<group>";
		};
/* End PBXVariantGroup section */

/* Begin XCBuildConfiguration section */
		84D832B01E06AC7E00BED95A /* Debug */ = {
			isa = XCBuildConfiguration;
			buildSettings = {
				ALWAYS_SEARCH_USER_PATHS = NO;
				CLANG_ANALYZER_NONNULL = YES;
				CLANG_CXX_LANGUAGE_STANDARD = "gnu++0x";
				CLANG_CXX_LIBRARY = "libc++";
				CLANG_ENABLE_MODULES = YES;
				CLANG_ENABLE_OBJC_ARC = YES;
				CLANG_WARN_BOOL_CONVERSION = YES;
				CLANG_WARN_CONSTANT_CONVERSION = YES;
				CLANG_WARN_DIRECT_OBJC_ISA_USAGE = YES_ERROR;
				CLANG_WARN_DOCUMENTATION_COMMENTS = YES;
				CLANG_WARN_EMPTY_BODY = YES;
				CLANG_WARN_ENUM_CONVERSION = YES;
				CLANG_WARN_INFINITE_RECURSION = YES;
				CLANG_WARN_INT_CONVERSION = YES;
				CLANG_WARN_OBJC_ROOT_CLASS = YES_ERROR;
				CLANG_WARN_SUSPICIOUS_MOVE = YES;
				CLANG_WARN_UNREACHABLE_CODE = YES;
				CLANG_WARN__DUPLICATE_METHOD_MATCH = YES;
				"CODE_SIGN_IDENTITY[sdk=iphoneos*]" = "iPhone Developer";
				COPY_PHASE_STRIP = NO;
				DEBUG_INFORMATION_FORMAT = dwarf;
				ENABLE_STRICT_OBJC_MSGSEND = YES;
				ENABLE_TESTABILITY = YES;
				GCC_C_LANGUAGE_STANDARD = gnu99;
				GCC_DYNAMIC_NO_PIC = NO;
				GCC_NO_COMMON_BLOCKS = YES;
				GCC_OPTIMIZATION_LEVEL = 0;
				GCC_PREPROCESSOR_DEFINITIONS = (
					"DEBUG=1",
					"$(inherited)",
				);
				GCC_WARN_64_TO_32_BIT_CONVERSION = YES;
				GCC_WARN_ABOUT_RETURN_TYPE = YES_ERROR;
				GCC_WARN_UNDECLARED_SELECTOR = YES;
				GCC_WARN_UNINITIALIZED_AUTOS = YES_AGGRESSIVE;
				GCC_WARN_UNUSED_FUNCTION = YES;
				GCC_WARN_UNUSED_VARIABLE = YES;
				IPHONEOS_DEPLOYMENT_TARGET = 10.2;
				MTL_ENABLE_DEBUG_INFO = YES;
				ONLY_ACTIVE_ARCH = YES;
				SDKROOT = iphoneos;
				SWIFT_ACTIVE_COMPILATION_CONDITIONS = DEBUG;
				SWIFT_OPTIMIZATION_LEVEL = "-Onone";
			};
			name = Debug;
		};
		84D832B11E06AC7E00BED95A /* Release */ = {
			isa = XCBuildConfiguration;
			buildSettings = {
				ALWAYS_SEARCH_USER_PATHS = NO;
				CLANG_ANALYZER_NONNULL = YES;
				CLANG_CXX_LANGUAGE_STANDARD = "gnu++0x";
				CLANG_CXX_LIBRARY = "libc++";
				CLANG_ENABLE_MODULES = YES;
				CLANG_ENABLE_OBJC_ARC = YES;
				CLANG_WARN_BOOL_CONVERSION = YES;
				CLANG_WARN_CONSTANT_CONVERSION = YES;
				CLANG_WARN_DIRECT_OBJC_ISA_USAGE = YES_ERROR;
				CLANG_WARN_DOCUMENTATION_COMMENTS = YES;
				CLANG_WARN_EMPTY_BODY = YES;
				CLANG_WARN_ENUM_CONVERSION = YES;
				CLANG_WARN_INFINITE_RECURSION = YES;
				CLANG_WARN_INT_CONVERSION = YES;
				CLANG_WARN_OBJC_ROOT_CLASS = YES_ERROR;
				CLANG_WARN_SUSPICIOUS_MOVE = YES;
				CLANG_WARN_UNREACHABLE_CODE = YES;
				CLANG_WARN__DUPLICATE_METHOD_MATCH = YES;
				"CODE_SIGN_IDENTITY[sdk=iphoneos*]" = "iPhone Developer";
				COPY_PHASE_STRIP = NO;
				DEBUG_INFORMATION_FORMAT = "dwarf-with-dsym";
				ENABLE_NS_ASSERTIONS = NO;
				ENABLE_STRICT_OBJC_MSGSEND = YES;
				GCC_C_LANGUAGE_STANDARD = gnu99;
				GCC_NO_COMMON_BLOCKS = YES;
				GCC_WARN_64_TO_32_BIT_CONVERSION = YES;
				GCC_WARN_ABOUT_RETURN_TYPE = YES_ERROR;
				GCC_WARN_UNDECLARED_SELECTOR = YES;
				GCC_WARN_UNINITIALIZED_AUTOS = YES_AGGRESSIVE;
				GCC_WARN_UNUSED_FUNCTION = YES;
				GCC_WARN_UNUSED_VARIABLE = YES;
				IPHONEOS_DEPLOYMENT_TARGET = 10.2;
				MTL_ENABLE_DEBUG_INFO = NO;
				SDKROOT = iphoneos;
				SWIFT_OPTIMIZATION_LEVEL = "-Owholemodule";
				VALIDATE_PRODUCT = YES;
			};
			name = Release;
		};
		84D832B31E06AC7E00BED95A /* Debug */ = {
			isa = XCBuildConfiguration;
			buildSettings = {
				ASSETCATALOG_COMPILER_APPICON_NAME = AppIcon;
				DEVELOPMENT_TEAM = CL2GSQ2D6S;
				INFOPLIST_FILE = Moolapickapp/Info.plist;
				LD_RUNPATH_SEARCH_PATHS = "$(inherited) @executable_path/Frameworks";
				PRODUCT_BUNDLE_IDENTIFIER = grdmn.Moolapickapp;
				PRODUCT_NAME = "$(TARGET_NAME)";
				SWIFT_VERSION = 3.0;
			};
			name = Debug;
		};
		84D832B41E06AC7E00BED95A /* Release */ = {
			isa = XCBuildConfiguration;
			buildSettings = {
				ASSETCATALOG_COMPILER_APPICON_NAME = AppIcon;
				DEVELOPMENT_TEAM = CL2GSQ2D6S;
				INFOPLIST_FILE = Moolapickapp/Info.plist;
				LD_RUNPATH_SEARCH_PATHS = "$(inherited) @executable_path/Frameworks";
				PRODUCT_BUNDLE_IDENTIFIER = grdmn.Moolapickapp;
				PRODUCT_NAME = "$(TARGET_NAME)";
				SWIFT_VERSION = 3.0;
			};
			name = Release;
		};
/* End XCBuildConfiguration section */

/* Begin XCConfigurationList section */
		84D8329B1E06AC7E00BED95A /* Build configuration list for PBXProject "Moolapickapp" */ = {
			isa = XCConfigurationList;
			buildConfigurations = (
				84D832B01E06AC7E00BED95A /* Debug */,
				84D832B11E06AC7E00BED95A /* Release */,
			);
			defaultConfigurationIsVisible = 0;
			defaultConfigurationName = Release;
		};
		84D832B21E06AC7E00BED95A /* Build configuration list for PBXNativeTarget "Moolapickapp" */ = {
			isa = XCConfigurationList;
			buildConfigurations = (
				84D832B31E06AC7E00BED95A /* Debug */,
				84D832B41E06AC7E00BED95A /* Release */,
			);
			defaultConfigurationIsVisible = 0;
		};
/* End XCConfigurationList section */
	};
	rootObject = 84D832981E06AC7E00BED95A /* Project object */;
}
